
Microsoft Visual Studio Solution File, Format Version 12.00
# Visual Studio Version 16
VisualStudioVersion = 16.0.31205.134
MinimumVisualStudioVersion = 10.0.40219.1
Project("{9A19103F-16F7-4668-BE54-9A1E7A4F7556}") = "DLS_Project", "DLS_Project\DLS_Project.csproj", "{55719D37-8732-411A-AF34-ABA918A19035}"
EndProject
Project("{9A19103F-16F7-4668-BE54-9A1E7A4F7556}") = "DataLayer", "DataLayer\DataLayer.csproj", "{3AC9BC2D-9246-407A-BDDF-A9049F4D67F2}"
EndProject
Project("{9A19103F-16F7-4668-BE54-9A1E7A4F7556}") = "BusinessLayer", "BusinessLayer\BusinessLayer.csproj", "{E875F89B-5A9D-4904-8970-89A93BE76A42}"
EndProject
Project("{9A19103F-16F7-4668-BE54-9A1E7A4F7556}") = "PresentationLayer", "PresentationLayer\PresentationLayer.csproj", "{909C8E15-DE32-4482-A653-DD78928F94A6}"
EndProject
Project("{2150E333-8FDC-42A3-9474-1A3956D46DE8}") = "Solution Items", "Solution Items", "{79FB5C3C-6310-44F4-AA62-1C7CFD676713}"
	ProjectSection(SolutionItems) = preProject
		.gitignore = .gitignore
	EndProjectSection
EndProject
Global
	GlobalSection(SolutionConfigurationPlatforms) = preSolution
		Debug|Any CPU = Debug|Any CPU
		Release|Any CPU = Release|Any CPU
	EndGlobalSection
	GlobalSection(ProjectConfigurationPlatforms) = postSolution
		{55719D37-8732-411A-AF34-ABA918A19035}.Debug|Any CPU.ActiveCfg = Debug|Any CPU
		{55719D37-8732-411A-AF34-ABA918A19035}.Debug|Any CPU.Build.0 = Debug|Any CPU
		{55719D37-8732-411A-AF34-ABA918A19035}.Release|Any CPU.ActiveCfg = Release|Any CPU
		{55719D37-8732-411A-AF34-ABA918A19035}.Release|Any CPU.Build.0 = Release|Any CPU
		{3AC9BC2D-9246-407A-BDDF-A9049F4D67F2}.Debug|Any CPU.ActiveCfg = Debug|Any CPU
		{3AC9BC2D-9246-407A-BDDF-A9049F4D67F2}.Debug|Any CPU.Build.0 = Debug|Any CPU
		{3AC9BC2D-9246-407A-BDDF-A9049F4D67F2}.Release|Any CPU.ActiveCfg = Release|Any CPU
		{3AC9BC2D-9246-407A-BDDF-A9049F4D67F2}.Release|Any CPU.Build.0 = Release|Any CPU
		{E875F89B-5A9D-4904-8970-89A93BE76A42}.Debug|Any CPU.ActiveCfg = Debug|Any CPU
		{E875F89B-5A9D-4904-8970-89A93BE76A42}.Debug|Any CPU.Build.0 = Debug|Any CPU
		{E875F89B-5A9D-4904-8970-89A93BE76A42}.Release|Any CPU.ActiveCfg = Release|Any CPU
		{E875F89B-5A9D-4904-8970-89A93BE76A42}.Release|Any CPU.Build.0 = Release|Any CPU
		{909C8E15-DE32-4482-A653-DD78928F94A6}.Debug|Any CPU.ActiveCfg = Debug|Any CPU
		{909C8E15-DE32-4482-A653-DD78928F94A6}.Debug|Any CPU.Build.0 = Debug|Any CPU
		{909C8E15-DE32-4482-A653-DD78928F94A6}.Release|Any CPU.ActiveCfg = Release|Any CPU
		{909C8E15-DE32-4482-A653-DD78928F94A6}.Release|Any CPU.Build.0 = Release|Any CPU
	EndGlobalSection
	GlobalSection(SolutionProperties) = preSolution
		HideSolutionNode = FALSE
	EndGlobalSection
	GlobalSection(ExtensibilityGlobals) = postSolution
		SolutionGuid = {A9645EF9-7132-482D-AAE1-63DDF91FA6BC}
	EndGlobalSection
EndGlobal
